
Microsoft Visual Studio Solution File, Format Version 12.00
# Visual Studio 2015
Project("{FAE04EC0-301F-11D3-BF4B-00C04F79EFBC}") = "SnakeTutorial.CSharp", "SnakeTutorial.CSharp.csproj", "{1653C2D1-4B29-2403-9276-876758117A45}"
EndProject
Global
	GlobalSection(SolutionConfigurationPlatforms) = preSolution
		Debug|Any CPU = Debug|Any CPU
		Release|Any CPU = Release|Any CPU
	EndGlobalSection
	GlobalSection(ProjectConfigurationPlatforms) = postSolution
		{1653C2D1-4B29-2403-9276-876758117A45}.Debug|Any CPU.ActiveCfg = Debug|Any CPU
		{1653C2D1-4B29-2403-9276-876758117A45}.Debug|Any CPU.Build.0 = Debug|Any CPU
		{1653C2D1-4B29-2403-9276-876758117A45}.Release|Any CPU.ActiveCfg = Release|Any CPU
		{1653C2D1-4B29-2403-9276-876758117A45}.Release|Any CPU.Build.0 = Release|Any CPU
	EndGlobalSection
	GlobalSection(SolutionProperties) = preSolution
		HideSolutionNode = FALSE
	EndGlobalSection
EndGlobal
